// !$*UTF8*$!
{
	archiveVersion = 1;
	classes = {
	};
	objectVersion = 46;
	objects = {

/* Begin PBXBuildFile section */
		B5BF877114D569940002D43D /* ASIAuthenticationDialog.m in Sources */ = {isa = PBXBuildFile; fileRef = B5BF872014D569940002D43D /* ASIAuthenticationDialog.m */; settings = {COMPILER_FLAGS = "-fno-objc-arc"; }; };
		B5BF877214D569940002D43D /* ASIDataCompressor.m in Sources */ = {isa = PBXBuildFile; fileRef = B5BF872314D569940002D43D /* ASIDataCompressor.m */; settings = {COMPILER_FLAGS = "-fno-objc-arc"; }; };
		B5BF877314D569940002D43D /* ASIDataDecompressor.m in Sources */ = {isa = PBXBuildFile; fileRef = B5BF872514D569940002D43D /* ASIDataDecompressor.m */; settings = {COMPILER_FLAGS = "-fno-objc-arc"; }; };
		B5BF877414D569940002D43D /* ASIDownloadCache.m in Sources */ = {isa = PBXBuildFile; fileRef = B5BF872714D569940002D43D /* ASIDownloadCache.m */; settings = {COMPILER_FLAGS = "-fno-objc-arc"; }; };
		B5BF877514D569940002D43D /* ASIFormDataRequest.m in Sources */ = {isa = PBXBuildFile; fileRef = B5BF872914D569940002D43D /* ASIFormDataRequest.m */; settings = {COMPILER_FLAGS = "-fno-objc-arc"; }; };
		B5BF877614D569940002D43D /* ASIHTTPRequest.m in Sources */ = {isa = PBXBuildFile; fileRef = B5BF872B14D569940002D43D /* ASIHTTPRequest.m */; settings = {COMPILER_FLAGS = "-fno-objc-arc"; }; };
		B5BF877714D569940002D43D /* ASIInputStream.m in Sources */ = {isa = PBXBuildFile; fileRef = B5BF872F14D569940002D43D /* ASIInputStream.m */; settings = {COMPILER_FLAGS = "-fno-objc-arc"; }; };
		B5BF877814D569940002D43D /* ASINetworkQueue.m in Sources */ = {isa = PBXBuildFile; fileRef = B5BF873114D569940002D43D /* ASINetworkQueue.m */; settings = {COMPILER_FLAGS = "-fno-objc-arc"; }; };
		B5BF879E14D56A8A0002D43D /* Reachability.m in Sources */ = {isa = PBXBuildFile; fileRef = B5BF879D14D56A8A0002D43D /* Reachability.m */; settings = {COMPILER_FLAGS = "-fno-objc-arc"; }; };
		B5BF87A014D56AB80002D43D /* CFNetwork.framework in Frameworks */ = {isa = PBXBuildFile; fileRef = B5BF879F14D56AB80002D43D /* CFNetwork.framework */; };
		B5BF87A214D56ABF0002D43D /* SystemConfiguration.framework in Frameworks */ = {isa = PBXBuildFile; fileRef = B5BF87A114D56ABE0002D43D /* SystemConfiguration.framework */; };
		B5BF87A414D56ACA0002D43D /* MobileCoreServices.framework in Frameworks */ = {isa = PBXBuildFile; fileRef = B5BF87A314D56ACA0002D43D /* MobileCoreServices.framework */; };
		B5BF87A614D56ADA0002D43D /* libz.dylib in Frameworks */ = {isa = PBXBuildFile; fileRef = B5BF87A514D56ADA0002D43D /* libz.dylib */; };
		B5BF87A914D5742F0002D43D /* bird_16_blue.png in Resources */ = {isa = PBXBuildFile; fileRef = B5BF87A814D5742E0002D43D /* bird_16_blue.png */; };
		B5BF87AB14D584290002D43D /* README.md in Resources */ = {isa = PBXBuildFile; fileRef = B5BF87AA14D584290002D43D /* README.md */; };
		B5FEB24814D03A2300736F12 /* UIKit.framework in Frameworks */ = {isa = PBXBuildFile; fileRef = B5FEB24714D03A2300736F12 /* UIKit.framework */; };
		B5FEB24A14D03A2300736F12 /* Foundation.framework in Frameworks */ = {isa = PBXBuildFile; fileRef = B5FEB24914D03A2300736F12 /* Foundation.framework */; };
		B5FEB24C14D03A2300736F12 /* CoreGraphics.framework in Frameworks */ = {isa = PBXBuildFile; fileRef = B5FEB24B14D03A2300736F12 /* CoreGraphics.framework */; };
		B5FEB25214D03A2300736F12 /* InfoPlist.strings in Resources */ = {isa = PBXBuildFile; fileRef = B5FEB25014D03A2300736F12 /* InfoPlist.strings */; };
		B5FEB25414D03A2300736F12 /* main.m in Sources */ = {isa = PBXBuildFile; fileRef = B5FEB25314D03A2300736F12 /* main.m */; };
		B5FEB25814D03A2300736F12 /* AppDelegate.m in Sources */ = {isa = PBXBuildFile; fileRef = B5FEB25714D03A2300736F12 /* AppDelegate.m */; };
		B5FEB25B14D03A2300736F12 /* ViewController.m in Sources */ = {isa = PBXBuildFile; fileRef = B5FEB25A14D03A2300736F12 /* ViewController.m */; };
		B5FEB25E14D03A2300736F12 /* ViewController.xib in Resources */ = {isa = PBXBuildFile; fileRef = B5FEB25C14D03A2300736F12 /* ViewController.xib */; };
		B5FEB26B14D03A3900736F12 /* Tweet.m in Sources */ = {isa = PBXBuildFile; fileRef = B5FEB26514D03A3900736F12 /* Tweet.m */; };
		B5FEB26C14D03A3900736F12 /* TwitterManager.m in Sources */ = {isa = PBXBuildFile; fileRef = B5FEB26714D03A3900736F12 /* TwitterManager.m */; };
		B5FEB26D14D03A3900736F12 /* TwitterTableCell.m in Sources */ = {isa = PBXBuildFile; fileRef = B5FEB26914D03A3900736F12 /* TwitterTableCell.m */; };
		B5FEB26E14D03A3900736F12 /* TwitterTableCell.xib in Resources */ = {isa = PBXBuildFile; fileRef = B5FEB26A14D03A3900736F12 /* TwitterTableCell.xib */; };
/* End PBXBuildFile section */

/* Begin PBXFileReference section */
		B5BF871F14D569940002D43D /* ASIAuthenticationDialog.h */ = {isa = PBXFileReference; fileEncoding = 4; lastKnownFileType = sourcecode.c.h; path = ASIAuthenticationDialog.h; sourceTree = "<group>"; };
		B5BF872014D569940002D43D /* ASIAuthenticationDialog.m */ = {isa = PBXFileReference; fileEncoding = 4; lastKnownFileType = sourcecode.c.objc; path = ASIAuthenticationDialog.m; sourceTree = "<group>"; };
		B5BF872114D569940002D43D /* ASICacheDelegate.h */ = {isa = PBXFileReference; fileEncoding = 4; lastKnownFileType = sourcecode.c.h; path = ASICacheDelegate.h; sourceTree = "<group>"; };
		B5BF872214D569940002D43D /* ASIDataCompressor.h */ = {isa = PBXFileReference; fileEncoding = 4; lastKnownFileType = sourcecode.c.h; path = ASIDataCompressor.h; sourceTree = "<group>"; };
		B5BF872314D569940002D43D /* ASIDataCompressor.m */ = {isa = PBXFileReference; fileEncoding = 4; lastKnownFileType = sourcecode.c.objc; path = ASIDataCompressor.m; sourceTree = "<group>"; };
		B5BF872414D569940002D43D /* ASIDataDecompressor.h */ = {isa = PBXFileReference; fileEncoding = 4; lastKnownFileType = sourcecode.c.h; path = ASIDataDecompressor.h; sourceTree = "<group>"; };
		B5BF872514D569940002D43D /* ASIDataDecompressor.m */ = {isa = PBXFileReference; fileEncoding = 4; lastKnownFileType = sourcecode.c.objc; path = ASIDataDecompressor.m; sourceTree = "<group>"; };
		B5BF872614D569940002D43D /* ASIDownloadCache.h */ = {isa = PBXFileReference; fileEncoding = 4; lastKnownFileType = sourcecode.c.h; path = ASIDownloadCache.h; sourceTree = "<group>"; };
		B5BF872714D569940002D43D /* ASIDownloadCache.m */ = {isa = PBXFileReference; fileEncoding = 4; lastKnownFileType = sourcecode.c.objc; path = ASIDownloadCache.m; sourceTree = "<group>"; };
		B5BF872814D569940002D43D /* ASIFormDataRequest.h */ = {isa = PBXFileReference; fileEncoding = 4; lastKnownFileType = sourcecode.c.h; path = ASIFormDataRequest.h; sourceTree = "<group>"; };
		B5BF872914D569940002D43D /* ASIFormDataRequest.m */ = {isa = PBXFileReference; fileEncoding = 4; lastKnownFileType = sourcecode.c.objc; path = ASIFormDataRequest.m; sourceTree = "<group>"; };
		B5BF872A14D569940002D43D /* ASIHTTPRequest.h */ = {isa = PBXFileReference; fileEncoding = 4; lastKnownFileType = sourcecode.c.h; path = ASIHTTPRequest.h; sourceTree = "<group>"; };
		B5BF872B14D569940002D43D /* ASIHTTPRequest.m */ = {isa = PBXFileReference; fileEncoding = 4; lastKnownFileType = sourcecode.c.objc; path = ASIHTTPRequest.m; sourceTree = "<group>"; };
		B5BF872C14D569940002D43D /* ASIHTTPRequestConfig.h */ = {isa = PBXFileReference; fileEncoding = 4; lastKnownFileType = sourcecode.c.h; path = ASIHTTPRequestConfig.h; sourceTree = "<group>"; };
		B5BF872D14D569940002D43D /* ASIHTTPRequestDelegate.h */ = {isa = PBXFileReference; fileEncoding = 4; lastKnownFileType = sourcecode.c.h; path = ASIHTTPRequestDelegate.h; sourceTree = "<group>"; };
		B5BF872E14D569940002D43D /* ASIInputStream.h */ = {isa = PBXFileReference; fileEncoding = 4; lastKnownFileType = sourcecode.c.h; path = ASIInputStream.h; sourceTree = "<group>"; };
		B5BF872F14D569940002D43D /* ASIInputStream.m */ = {isa = PBXFileReference; fileEncoding = 4; lastKnownFileType = sourcecode.c.objc; path = ASIInputStream.m; sourceTree = "<group>"; };
		B5BF873014D569940002D43D /* ASINetworkQueue.h */ = {isa = PBXFileReference; fileEncoding = 4; lastKnownFileType = sourcecode.c.h; path = ASINetworkQueue.h; sourceTree = "<group>"; };
		B5BF873114D569940002D43D /* ASINetworkQueue.m */ = {isa = PBXFileReference; fileEncoding = 4; lastKnownFileType = sourcecode.c.objc; path = ASINetworkQueue.m; sourceTree = "<group>"; };
		B5BF873214D569940002D43D /* ASIProgressDelegate.h */ = {isa = PBXFileReference; fileEncoding = 4; lastKnownFileType = sourcecode.c.h; path = ASIProgressDelegate.h; sourceTree = "<group>"; };
		B5BF879C14D56A8A0002D43D /* Reachability.h */ = {isa = PBXFileReference; fileEncoding = 4; lastKnownFileType = sourcecode.c.h; path = Reachability.h; sourceTree = "<group>"; };
		B5BF879D14D56A8A0002D43D /* Reachability.m */ = {isa = PBXFileReference; fileEncoding = 4; lastKnownFileType = sourcecode.c.objc; path = Reachability.m; sourceTree = "<group>"; };
		B5BF879F14D56AB80002D43D /* CFNetwork.framework */ = {isa = PBXFileReference; lastKnownFileType = wrapper.framework; name = CFNetwork.framework; path = System/Library/Frameworks/CFNetwork.framework; sourceTree = SDKROOT; };
		B5BF87A114D56ABE0002D43D /* SystemConfiguration.framework */ = {isa = PBXFileReference; lastKnownFileType = wrapper.framework; name = SystemConfiguration.framework; path = System/Library/Frameworks/SystemConfiguration.framework; sourceTree = SDKROOT; };
		B5BF87A314D56ACA0002D43D /* MobileCoreServices.framework */ = {isa = PBXFileReference; lastKnownFileType = wrapper.framework; name = MobileCoreServices.framework; path = System/Library/Frameworks/MobileCoreServices.framework; sourceTree = SDKROOT; };
		B5BF87A514D56ADA0002D43D /* libz.dylib */ = {isa = PBXFileReference; lastKnownFileType = "compiled.mach-o.dylib"; name = libz.dylib; path = usr/lib/libz.dylib; sourceTree = SDKROOT; };
		B5BF87A814D5742E0002D43D /* bird_16_blue.png */ = {isa = PBXFileReference; lastKnownFileType = image.png; path = bird_16_blue.png; sourceTree = "<group>"; };
		B5BF87AA14D584290002D43D /* README.md */ = {isa = PBXFileReference; fileEncoding = 4; lastKnownFileType = text; path = README.md; sourceTree = "<group>"; };
		B5FEB24314D03A2300736F12 /* SampleTweet.app */ = {isa = PBXFileReference; explicitFileType = wrapper.application; includeInIndex = 0; path = SampleTweet.app; sourceTree = BUILT_PRODUCTS_DIR; };
		B5FEB24714D03A2300736F12 /* UIKit.framework */ = {isa = PBXFileReference; lastKnownFileType = wrapper.framework; name = UIKit.framework; path = System/Library/Frameworks/UIKit.framework; sourceTree = SDKROOT; };
		B5FEB24914D03A2300736F12 /* Foundation.framework */ = {isa = PBXFileReference; lastKnownFileType = wrapper.framework; name = Foundation.framework; path = System/Library/Frameworks/Foundation.framework; sourceTree = SDKROOT; };
		B5FEB24B14D03A2300736F12 /* CoreGraphics.framework */ = {isa = PBXFileReference; lastKnownFileType = wrapper.framework; name = CoreGraphics.framework; path = System/Library/Frameworks/CoreGraphics.framework; sourceTree = SDKROOT; };
		B5FEB24F14D03A2300736F12 /* SampleTweet-Info.plist */ = {isa = PBXFileReference; lastKnownFileType = text.plist.xml; path = "SampleTweet-Info.plist"; sourceTree = "<group>"; };
		B5FEB25114D03A2300736F12 /* en */ = {isa = PBXFileReference; lastKnownFileType = text.plist.strings; name = en; path = en.lproj/InfoPlist.strings; sourceTree = "<group>"; };
		B5FEB25314D03A2300736F12 /* main.m */ = {isa = PBXFileReference; lastKnownFileType = sourcecode.c.objc; path = main.m; sourceTree = "<group>"; };
		B5FEB25514D03A2300736F12 /* SampleTweet-Prefix.pch */ = {isa = PBXFileReference; lastKnownFileType = sourcecode.c.h; path = "SampleTweet-Prefix.pch"; sourceTree = "<group>"; };
		B5FEB25614D03A2300736F12 /* AppDelegate.h */ = {isa = PBXFileReference; lastKnownFileType = sourcecode.c.h; path = AppDelegate.h; sourceTree = "<group>"; };
		B5FEB25714D03A2300736F12 /* AppDelegate.m */ = {isa = PBXFileReference; lastKnownFileType = sourcecode.c.objc; path = AppDelegate.m; sourceTree = "<group>"; };
		B5FEB25914D03A2300736F12 /* ViewController.h */ = {isa = PBXFileReference; lastKnownFileType = sourcecode.c.h; path = ViewController.h; sourceTree = "<group>"; };
		B5FEB25A14D03A2300736F12 /* ViewController.m */ = {isa = PBXFileReference; lastKnownFileType = sourcecode.c.objc; path = ViewController.m; sourceTree = "<group>"; };
		B5FEB25D14D03A2300736F12 /* en */ = {isa = PBXFileReference; lastKnownFileType = file.xib; name = en; path = en.lproj/ViewController.xib; sourceTree = "<group>"; };
		B5FEB26414D03A3900736F12 /* Tweet.h */ = {isa = PBXFileReference; fileEncoding = 4; lastKnownFileType = sourcecode.c.h; path = Tweet.h; sourceTree = "<group>"; };
		B5FEB26514D03A3900736F12 /* Tweet.m */ = {isa = PBXFileReference; fileEncoding = 4; lastKnownFileType = sourcecode.c.objc; path = Tweet.m; sourceTree = "<group>"; };
		B5FEB26614D03A3900736F12 /* TwitterManager.h */ = {isa = PBXFileReference; fileEncoding = 4; lastKnownFileType = sourcecode.c.h; path = TwitterManager.h; sourceTree = "<group>"; };
		B5FEB26714D03A3900736F12 /* TwitterManager.m */ = {isa = PBXFileReference; fileEncoding = 4; lastKnownFileType = sourcecode.c.objc; path = TwitterManager.m; sourceTree = "<group>"; };
		B5FEB26814D03A3900736F12 /* TwitterTableCell.h */ = {isa = PBXFileReference; fileEncoding = 4; lastKnownFileType = sourcecode.c.h; path = TwitterTableCell.h; sourceTree = "<group>"; };
		B5FEB26914D03A3900736F12 /* TwitterTableCell.m */ = {isa = PBXFileReference; fileEncoding = 4; lastKnownFileType = sourcecode.c.objc; path = TwitterTableCell.m; sourceTree = "<group>"; };
		B5FEB26A14D03A3900736F12 /* TwitterTableCell.xib */ = {isa = PBXFileReference; fileEncoding = 4; lastKnownFileType = file.xib; path = TwitterTableCell.xib; sourceTree = "<group>"; };
/* End PBXFileReference section */

/* Begin PBXFrameworksBuildPhase section */
		B5FEB24014D03A2300736F12 /* Frameworks */ = {
			isa = PBXFrameworksBuildPhase;
			buildActionMask = 2147483647;
			files = (
				B5BF87A614D56ADA0002D43D /* libz.dylib in Frameworks */,
				B5FEB24C14D03A2300736F12 /* CoreGraphics.framework in Frameworks */,
				B5BF87A414D56ACA0002D43D /* MobileCoreServices.framework in Frameworks */,
				B5BF87A214D56ABF0002D43D /* SystemConfiguration.framework in Frameworks */,
				B5BF87A014D56AB80002D43D /* CFNetwork.framework in Frameworks */,
				B5FEB24814D03A2300736F12 /* UIKit.framework in Frameworks */,
				B5FEB24A14D03A2300736F12 /* Foundation.framework in Frameworks */,
			);
			runOnlyForDeploymentPostprocessing = 0;
		};
/* End PBXFrameworksBuildPhase section */

/* Begin PBXGroup section */
		B5BF871E14D569940002D43D /* ASIHTTPRequest */ = {
			isa = PBXGroup;
			children = (
				B5BF879C14D56A8A0002D43D /* Reachability.h */,
				B5BF879D14D56A8A0002D43D /* Reachability.m */,
				B5BF871F14D569940002D43D /* ASIAuthenticationDialog.h */,
				B5BF872014D569940002D43D /* ASIAuthenticationDialog.m */,
				B5BF872114D569940002D43D /* ASICacheDelegate.h */,
				B5BF872214D569940002D43D /* ASIDataCompressor.h */,
				B5BF872314D569940002D43D /* ASIDataCompressor.m */,
				B5BF872414D569940002D43D /* ASIDataDecompressor.h */,
				B5BF872514D569940002D43D /* ASIDataDecompressor.m */,
				B5BF872614D569940002D43D /* ASIDownloadCache.h */,
				B5BF872714D569940002D43D /* ASIDownloadCache.m */,
				B5BF872814D569940002D43D /* ASIFormDataRequest.h */,
				B5BF872914D569940002D43D /* ASIFormDataRequest.m */,
				B5BF872A14D569940002D43D /* ASIHTTPRequest.h */,
				B5BF872B14D569940002D43D /* ASIHTTPRequest.m */,
				B5BF872C14D569940002D43D /* ASIHTTPRequestConfig.h */,
				B5BF872D14D569940002D43D /* ASIHTTPRequestDelegate.h */,
				B5BF872E14D569940002D43D /* ASIInputStream.h */,
				B5BF872F14D569940002D43D /* ASIInputStream.m */,
				B5BF873014D569940002D43D /* ASINetworkQueue.h */,
				B5BF873114D569940002D43D /* ASINetworkQueue.m */,
				B5BF873214D569940002D43D /* ASIProgressDelegate.h */,
			);
			path = ASIHTTPRequest;
			sourceTree = "<group>";
		};
		B5FEB23814D03A2200736F12 = {
			isa = PBXGroup;
			children = (
				B5BF87AA14D584290002D43D /* README.md */,
				B5FEB24D14D03A2300736F12 /* SampleTweet */,
				B5FEB24614D03A2300736F12 /* Frameworks */,
				B5FEB24414D03A2300736F12 /* Products */,
			);
			sourceTree = "<group>";
		};
		B5FEB24414D03A2300736F12 /* Products */ = {
			isa = PBXGroup;
			children = (
				B5FEB24314D03A2300736F12 /* SampleTweet.app */,
			);
			name = Products;
			sourceTree = "<group>";
		};
		B5FEB24614D03A2300736F12 /* Frameworks */ = {
			isa = PBXGroup;
			children = (
				B5BF87A514D56ADA0002D43D /* libz.dylib */,
				B5BF87A314D56ACA0002D43D /* MobileCoreServices.framework */,
				B5BF87A114D56ABE0002D43D /* SystemConfiguration.framework */,
				B5BF879F14D56AB80002D43D /* CFNetwork.framework */,
				B5FEB24714D03A2300736F12 /* UIKit.framework */,
				B5FEB24914D03A2300736F12 /* Foundation.framework */,
				B5FEB24B14D03A2300736F12 /* CoreGraphics.framework */,
			);
			name = Frameworks;
			sourceTree = "<group>";
		};
		B5FEB24D14D03A2300736F12 /* SampleTweet */ = {
			isa = PBXGroup;
			children = (
				B5BF871E14D569940002D43D /* ASIHTTPRequest */,
				B5FEB26414D03A3900736F12 /* Tweet.h */,
				B5FEB26514D03A3900736F12 /* Tweet.m */,
				B5FEB26614D03A3900736F12 /* TwitterManager.h */,
				B5FEB26714D03A3900736F12 /* TwitterManager.m */,
				B5FEB26814D03A3900736F12 /* TwitterTableCell.h */,
				B5FEB26914D03A3900736F12 /* TwitterTableCell.m */,
				B5FEB26A14D03A3900736F12 /* TwitterTableCell.xib */,
				B5FEB25614D03A2300736F12 /* AppDelegate.h */,
				B5FEB25714D03A2300736F12 /* AppDelegate.m */,
				B5FEB25914D03A2300736F12 /* ViewController.h */,
				B5FEB25A14D03A2300736F12 /* ViewController.m */,
				B5FEB25C14D03A2300736F12 /* ViewController.xib */,
				B5FEB24E14D03A2300736F12 /* Supporting Files */,
			);
			path = SampleTweet;
			sourceTree = "<group>";
		};
		B5FEB24E14D03A2300736F12 /* Supporting Files */ = {
			isa = PBXGroup;
			children = (
				B5BF87A814D5742E0002D43D /* bird_16_blue.png */,
				B5FEB24F14D03A2300736F12 /* SampleTweet-Info.plist */,
				B5FEB25014D03A2300736F12 /* InfoPlist.strings */,
				B5FEB25314D03A2300736F12 /* main.m */,
				B5FEB25514D03A2300736F12 /* SampleTweet-Prefix.pch */,
			);
			name = "Supporting Files";
			sourceTree = "<group>";
		};
/* End PBXGroup section */

/* Begin PBXNativeTarget section */
		B5FEB24214D03A2300736F12 /* SampleTweet */ = {
			isa = PBXNativeTarget;
			buildConfigurationList = B5FEB26114D03A2300736F12 /* Build configuration list for PBXNativeTarget "SampleTweet" */;
			buildPhases = (
				B5FEB23F14D03A2300736F12 /* Sources */,
				B5FEB24014D03A2300736F12 /* Frameworks */,
				B5FEB24114D03A2300736F12 /* Resources */,
			);
			buildRules = (
			);
			dependencies = (
			);
			name = SampleTweet;
			productName = SampleTweet;
			productReference = B5FEB24314D03A2300736F12 /* SampleTweet.app */;
			productType = "com.apple.product-type.application";
		};
/* End PBXNativeTarget section */

/* Begin PBXProject section */
		B5FEB23A14D03A2200736F12 /* Project object */ = {
			isa = PBXProject;
			attributes = {
				LastUpgradeCheck = 0420;
			};
			buildConfigurationList = B5FEB23D14D03A2200736F12 /* Build configuration list for PBXProject "SampleTweet" */;
			compatibilityVersion = "Xcode 3.2";
			developmentRegion = English;
			hasScannedForEncodings = 0;
			knownRegions = (
				en,
			);
			mainGroup = B5FEB23814D03A2200736F12;
			productRefGroup = B5FEB24414D03A2300736F12 /* Products */;
			projectDirPath = "";
			projectRoot = "";
			targets = (
				B5FEB24214D03A2300736F12 /* SampleTweet */,
			);
		};
/* End PBXProject section */

/* Begin PBXResourcesBuildPhase section */
		B5FEB24114D03A2300736F12 /* Resources */ = {
			isa = PBXResourcesBuildPhase;
			buildActionMask = 2147483647;
			files = (
				B5FEB25214D03A2300736F12 /* InfoPlist.strings in Resources */,
				B5FEB25E14D03A2300736F12 /* ViewController.xib in Resources */,
				B5FEB26E14D03A3900736F12 /* TwitterTableCell.xib in Resources */,
				B5BF87A914D5742F0002D43D /* bird_16_blue.png in Resources */,
				B5BF87AB14D584290002D43D /* README.md in Resources */,
			);
			runOnlyForDeploymentPostprocessing = 0;
		};
/* End PBXResourcesBuildPhase section */

/* Begin PBXSourcesBuildPhase section */
		B5FEB23F14D03A2300736F12 /* Sources */ = {
			isa = PBXSourcesBuildPhase;
			buildActionMask = 2147483647;
			files = (
				B5FEB25414D03A2300736F12 /* main.m in Sources */,
				B5FEB25814D03A2300736F12 /* AppDelegate.m in Sources */,
				B5FEB25B14D03A2300736F12 /* ViewController.m in Sources */,
				B5FEB26B14D03A3900736F12 /* Tweet.m in Sources */,
				B5FEB26C14D03A3900736F12 /* TwitterManager.m in Sources */,
				B5FEB26D14D03A3900736F12 /* TwitterTableCell.m in Sources */,
				B5BF877114D569940002D43D /* ASIAuthenticationDialog.m in Sources */,
				B5BF877214D569940002D43D /* ASIDataCompressor.m in Sources */,
				B5BF877314D569940002D43D /* ASIDataDecompressor.m in Sources */,
				B5BF877414D569940002D43D /* ASIDownloadCache.m in Sources */,
				B5BF877514D569940002D43D /* ASIFormDataRequest.m in Sources */,
				B5BF877614D569940002D43D /* ASIHTTPRequest.m in Sources */,
				B5BF877714D569940002D43D /* ASIInputStream.m in Sources */,
				B5BF877814D569940002D43D /* ASINetworkQueue.m in Sources */,
				B5BF879E14D56A8A0002D43D /* Reachability.m in Sources */,
			);
			runOnlyForDeploymentPostprocessing = 0;
		};
/* End PBXSourcesBuildPhase section */

/* Begin PBXVariantGroup section */
		B5FEB25014D03A2300736F12 /* InfoPlist.strings */ = {
			isa = PBXVariantGroup;
			children = (
				B5FEB25114D03A2300736F12 /* en */,
			);
			name = InfoPlist.strings;
			sourceTree = "<group>";
		};
		B5FEB25C14D03A2300736F12 /* ViewController.xib */ = {
			isa = PBXVariantGroup;
			children = (
				B5FEB25D14D03A2300736F12 /* en */,
			);
			name = ViewController.xib;
			sourceTree = "<group>";
		};
/* End PBXVariantGroup section */

/* Begin XCBuildConfiguration section */
		B5FEB25F14D03A2300736F12 /* Debug */ = {
			isa = XCBuildConfiguration;
			buildSettings = {
				ALWAYS_SEARCH_USER_PATHS = NO;
				ARCHS = "$(ARCHS_STANDARD_32_BIT)";
				CLANG_ENABLE_OBJC_ARC = YES;
				"CODE_SIGN_IDENTITY[sdk=iphoneos*]" = "iPhone Developer";
				COPY_PHASE_STRIP = NO;
				GCC_C_LANGUAGE_STANDARD = gnu99;
				GCC_DYNAMIC_NO_PIC = NO;
				GCC_OPTIMIZATION_LEVEL = 0;
				GCC_PREPROCESSOR_DEFINITIONS = (
					"DEBUG=1",
					"$(inherited)",
				);
				GCC_SYMBOLS_PRIVATE_EXTERN = NO;
				GCC_VERSION = com.apple.compilers.llvm.clang.1_0;
				GCC_WARN_ABOUT_MISSING_PROTOTYPES = YES;
				GCC_WARN_ABOUT_RETURN_TYPE = YES;
				GCC_WARN_UNUSED_VARIABLE = YES;
				IPHONEOS_DEPLOYMENT_TARGET = 5.0;
				SDKROOT = iphoneos;
			};
			name = Debug;
		};
		B5FEB26014D03A2300736F12 /* Release */ = {
			isa = XCBuildConfiguration;
			buildSettings = {
				ALWAYS_SEARCH_USER_PATHS = NO;
				ARCHS = "$(ARCHS_STANDARD_32_BIT)";
				CLANG_ENABLE_OBJC_ARC = YES;
				"CODE_SIGN_IDENTITY[sdk=iphoneos*]" = "iPhone Developer";
				COPY_PHASE_STRIP = YES;
				GCC_C_LANGUAGE_STANDARD = gnu99;
				GCC_VERSION = com.apple.compilers.llvm.clang.1_0;
				GCC_WARN_ABOUT_MISSING_PROTOTYPES = YES;
				GCC_WARN_ABOUT_RETURN_TYPE = YES;
				GCC_WARN_UNUSED_VARIABLE = YES;
				IPHONEOS_DEPLOYMENT_TARGET = 5.0;
				OTHER_CFLAGS = "-DNS_BLOCK_ASSERTIONS=1";
				SDKROOT = iphoneos;
				VALIDATE_PRODUCT = YES;
			};
			name = Release;
		};
		B5FEB26214D03A2300736F12 /* Debug */ = {
			isa = XCBuildConfiguration;
			buildSettings = {
				GCC_PRECOMPILE_PREFIX_HEADER = YES;
				GCC_PREFIX_HEADER = "SampleTweet/SampleTweet-Prefix.pch";
				INFOPLIST_FILE = "SampleTweet/SampleTweet-Info.plist";
				PRODUCT_NAME = "$(TARGET_NAME)";
				WRAPPER_EXTENSION = app;
			};
			name = Debug;
		};
		B5FEB26314D03A2300736F12 /* Release */ = {
			isa = XCBuildConfiguration;
			buildSettings = {
				GCC_PRECOMPILE_PREFIX_HEADER = YES;
				GCC_PREFIX_HEADER = "SampleTweet/SampleTweet-Prefix.pch";
				INFOPLIST_FILE = "SampleTweet/SampleTweet-Info.plist";
				PRODUCT_NAME = "$(TARGET_NAME)";
				WRAPPER_EXTENSION = app;
			};
			name = Release;
		};
/* End XCBuildConfiguration section */

/* Begin XCConfigurationList section */
		B5FEB23D14D03A2200736F12 /* Build configuration list for PBXProject "SampleTweet" */ = {
			isa = XCConfigurationList;
			buildConfigurations = (
				B5FEB25F14D03A2300736F12 /* Debug */,
				B5FEB26014D03A2300736F12 /* Release */,
			);
			defaultConfigurationIsVisible = 0;
			defaultConfigurationName = Release;
		};
		B5FEB26114D03A2300736F12 /* Build configuration list for PBXNativeTarget "SampleTweet" */ = {
			isa = XCConfigurationList;
			buildConfigurations = (
				B5FEB26214D03A2300736F12 /* Debug */,
				B5FEB26314D03A2300736F12 /* Release */,
			);
			defaultConfigurationIsVisible = 0;
			defaultConfigurationName = Release;
		};
/* End XCConfigurationList section */
	};
	rootObject = B5FEB23A14D03A2200736F12 /* Project object */;
}
